
Microsoft Visual Studio Solution File, Format Version 12.00
# Visual Studio Version 17
VisualStudioVersion = 17.5.33530.505
MinimumVisualStudioVersion = 10.0.40219.1
Project("{8BC9CEB8-8B4A-11D0-8D11-00A0C91BC942}") = "4.1", "Project1\Project1.vcxproj", "{AEF940E1-381B-4596-9AB6-825DE0F1FA38}"
EndProject
Project("{2150E333-8FDC-42A3-9474-1A3956D46DE8}") = "第四章作业", "第四章作业", "{8C5579E5-1B69-4780-832F-EA4C5B26B3E8}"
EndProject
Project("{8BC9CEB8-8B4A-11D0-8D11-00A0C91BC942}") = "4.3", "4.2\4.2.vcxproj", "{5E0B2B2C-74AB-496A-A6E1-F10AD7642C28}"
EndProject
Project("{8BC9CEB8-8B4A-11D0-8D11-00A0C91BC942}") = "4.4", "4.4\4.4.vcxproj", "{87AB6217-D113-4B3D-8A7D-DFEF9B09413E}"
EndProject
Project("{8BC9CEB8-8B4A-11D0-8D11-00A0C91BC942}") = "temp", "temp\temp.vcxproj", "{F4887B32-B7E5-447B-B490-ECB908E5C33A}"
EndProject
Project("{8BC9CEB8-8B4A-11D0-8D11-00A0C91BC942}") = "4.5", "4.5\4.5.vcxproj", "{769CC60D-E811-4855-9FBB-6C702A4459AF}"
EndProject
Project("{8BC9CEB8-8B4A-11D0-8D11-00A0C91BC942}") = "4.6", "4.6\4.6.vcxproj", "{BC7A800C-7A48-4B23-AE35-71C61DE4F2F4}"
EndProject
Project("{2150E333-8FDC-42A3-9474-1A3956D46DE8}") = "面向对象课程设计", "面向对象课程设计", "{6C15F320-93C7-4AE1-8152-2BF6B66C6DC9}"
EndProject
Project("{8BC9CEB8-8B4A-11D0-8D11-00A0C91BC942}") = "V2X", "V2X\V2X.vcxproj", "{C6C7777E-EBE3-4FEE-85B1-03C8F1ADCC41}"
EndProject
Global
	GlobalSection(SolutionConfigurationPlatforms) = preSolution
		Debug|x64 = Debug|x64
		Debug|x86 = Debug|x86
		Release|x64 = Release|x64
		Release|x86 = Release|x86
	EndGlobalSection
	GlobalSection(ProjectConfigurationPlatforms) = postSolution
		{AEF940E1-381B-4596-9AB6-825DE0F1FA38}.Debug|x64.ActiveCfg = Debug|x64
		{AEF940E1-381B-4596-9AB6-825DE0F1FA38}.Debug|x64.Build.0 = Debug|x64
		{AEF940E1-381B-4596-9AB6-825DE0F1FA38}.Debug|x86.ActiveCfg = Debug|Win32
		{AEF940E1-381B-4596-9AB6-825DE0F1FA38}.Debug|x86.Build.0 = Debug|Win32
		{AEF940E1-381B-4596-9AB6-825DE0F1FA38}.Release|x64.ActiveCfg = Release|x64
		{AEF940E1-381B-4596-9AB6-825DE0F1FA38}.Release|x64.Build.0 = Release|x64
		{AEF940E1-381B-4596-9AB6-825DE0F1FA38}.Release|x86.ActiveCfg = Release|Win32
		{AEF940E1-381B-4596-9AB6-825DE0F1FA38}.Release|x86.Build.0 = Release|Win32
		{5E0B2B2C-74AB-496A-A6E1-F10AD7642C28}.Debug|x64.ActiveCfg = Debug|x64
		{5E0B2B2C-74AB-496A-A6E1-F10AD7642C28}.Debug|x64.Build.0 = Debug|x64
		{5E0B2B2C-74AB-496A-A6E1-F10AD7642C28}.Debug|x86.ActiveCfg = Debug|Win32
		{5E0B2B2C-74AB-496A-A6E1-F10AD7642C28}.Debug|x86.Build.0 = Debug|Win32
		{5E0B2B2C-74AB-496A-A6E1-F10AD7642C28}.Release|x64.ActiveCfg = Release|x64
		{5E0B2B2C-74AB-496A-A6E1-F10AD7642C28}.Release|x64.Build.0 = Release|x64
		{5E0B2B2C-74AB-496A-A6E1-F10AD7642C28}.Release|x86.ActiveCfg = Release|Win32
		{5E0B2B2C-74AB-496A-A6E1-F10AD7642C28}.Release|x86.Build.0 = Release|Win32
		{87AB6217-D113-4B3D-8A7D-DFEF9B09413E}.Debug|x64.ActiveCfg = Debug|x64
		{87AB6217-D113-4B3D-8A7D-DFEF9B09413E}.Debug|x64.Build.0 = Debug|x64
		{87AB6217-D113-4B3D-8A7D-DFEF9B09413E}.Debug|x86.ActiveCfg = Debug|Win32
		{87AB6217-D113-4B3D-8A7D-DFEF9B09413E}.Debug|x86.Build.0 = Debug|Win32
		{87AB6217-D113-4B3D-8A7D-DFEF9B09413E}.Release|x64.ActiveCfg = Release|x64
		{87AB6217-D113-4B3D-8A7D-DFEF9B09413E}.Release|x64.Build.0 = Release|x64
		{87AB6217-D113-4B3D-8A7D-DFEF9B09413E}.Release|x86.ActiveCfg = Release|Win32
		{87AB6217-D113-4B3D-8A7D-DFEF9B09413E}.Release|x86.Build.0 = Release|Win32
		{F4887B32-B7E5-447B-B490-ECB908E5C33A}.Debug|x64.ActiveCfg = Debug|x64
		{F4887B32-B7E5-447B-B490-ECB908E5C33A}.Debug|x64.Build.0 = Debug|x64
		{F4887B32-B7E5-447B-B490-ECB908E5C33A}.Debug|x86.ActiveCfg = Debug|Win32
		{F4887B32-B7E5-447B-B490-ECB908E5C33A}.Debug|x86.Build.0 = Debug|Win32
		{F4887B32-B7E5-447B-B490-ECB908E5C33A}.Release|x64.ActiveCfg = Release|x64
		{F4887B32-B7E5-447B-B490-ECB908E5C33A}.Release|x64.Build.0 = Release|x64
		{F4887B32-B7E5-447B-B490-ECB908E5C33A}.Release|x86.ActiveCfg = Release|Win32
		{F4887B32-B7E5-447B-B490-ECB908E5C33A}.Release|x86.Build.0 = Release|Win32
		{769CC60D-E811-4855-9FBB-6C702A4459AF}.Debug|x64.ActiveCfg = Debug|x64
		{769CC60D-E811-4855-9FBB-6C702A4459AF}.Debug|x64.Build.0 = Debug|x64
		{769CC60D-E811-4855-9FBB-6C702A4459AF}.Debug|x86.ActiveCfg = Debug|Win32
		{769CC60D-E811-4855-9FBB-6C702A4459AF}.Debug|x86.Build.0 = Debug|Win32
		{769CC60D-E811-4855-9FBB-6C702A4459AF}.Release|x64.ActiveCfg = Release|x64
		{769CC60D-E811-4855-9FBB-6C702A4459AF}.Release|x64.Build.0 = Release|x64
		{769CC60D-E811-4855-9FBB-6C702A4459AF}.Release|x86.ActiveCfg = Release|Win32
		{769CC60D-E811-4855-9FBB-6C702A4459AF}.Release|x86.Build.0 = Release|Win32
		{BC7A800C-7A48-4B23-AE35-71C61DE4F2F4}.Debug|x64.ActiveCfg = Debug|x64
		{BC7A800C-7A48-4B23-AE35-71C61DE4F2F4}.Debug|x64.Build.0 = Debug|x64
		{BC7A800C-7A48-4B23-AE35-71C61DE4F2F4}.Debug|x86.ActiveCfg = Debug|Win32
		{BC7A800C-7A48-4B23-AE35-71C61DE4F2F4}.Debug|x86.Build.0 = Debug|Win32
		{BC7A800C-7A48-4B23-AE35-71C61DE4F2F4}.Release|x64.ActiveCfg = Release|x64
		{BC7A800C-7A48-4B23-AE35-71C61DE4F2F4}.Release|x64.Build.0 = Release|x64
		{BC7A800C-7A48-4B23-AE35-71C61DE4F2F4}.Release|x86.ActiveCfg = Release|Win32
		{BC7A800C-7A48-4B23-AE35-71C61DE4F2F4}.Release|x86.Build.0 = Release|Win32
		{C6C7777E-EBE3-4FEE-85B1-03C8F1ADCC41}.Debug|x64.ActiveCfg = Debug|x64
		{C6C7777E-EBE3-4FEE-85B1-03C8F1ADCC41}.Debug|x64.Build.0 = Debug|x64
		{C6C7777E-EBE3-4FEE-85B1-03C8F1ADCC41}.Debug|x86.ActiveCfg = Debug|Win32
		{C6C7777E-EBE3-4FEE-85B1-03C8F1ADCC41}.Debug|x86.Build.0 = Debug|Win32
		{C6C7777E-EBE3-4FEE-85B1-03C8F1ADCC41}.Release|x64.ActiveCfg = Release|x64
		{C6C7777E-EBE3-4FEE-85B1-03C8F1ADCC41}.Release|x64.Build.0 = Release|x64
		{C6C7777E-EBE3-4FEE-85B1-03C8F1ADCC41}.Release|x86.ActiveCfg = Release|Win32
		{C6C7777E-EBE3-4FEE-85B1-03C8F1ADCC41}.Release|x86.Build.0 = Release|Win32
	EndGlobalSection
	GlobalSection(SolutionProperties) = preSolution
		HideSolutionNode = FALSE
	EndGlobalSection
	GlobalSection(NestedProjects) = preSolution
		{AEF940E1-381B-4596-9AB6-825DE0F1FA38} = {8C5579E5-1B69-4780-832F-EA4C5B26B3E8}
		{5E0B2B2C-74AB-496A-A6E1-F10AD7642C28} = {8C5579E5-1B69-4780-832F-EA4C5B26B3E8}
		{87AB6217-D113-4B3D-8A7D-DFEF9B09413E} = {8C5579E5-1B69-4780-832F-EA4C5B26B3E8}
		{769CC60D-E811-4855-9FBB-6C702A4459AF} = {8C5579E5-1B69-4780-832F-EA4C5B26B3E8}
		{BC7A800C-7A48-4B23-AE35-71C61DE4F2F4} = {8C5579E5-1B69-4780-832F-EA4C5B26B3E8}
		{C6C7777E-EBE3-4FEE-85B1-03C8F1ADCC41} = {6C15F320-93C7-4AE1-8152-2BF6B66C6DC9}
	EndGlobalSection
	GlobalSection(ExtensibilityGlobals) = postSolution
		SolutionGuid = {660A454E-A73C-4F46-8BAA-20454DBD2C83}
	EndGlobalSection
EndGlobal
